<Solution>
  <Folder Name="/src/">
    <Project Path="src/AmisPayroll.Api/AmisPayroll.Api.csproj" />
    <Project Path="src/AmisPayroll.Application/AmisPayroll.Application.csproj" />
    <Project Path="src/AmisPayroll.Entities/AmisPayroll.Entities.csproj" />
    <Project Path="src/AmisPayroll.Infrastructure/AmisPayroll.Infrastructure.csproj" />
  </Folder>
</Solution>
